Microsoft Visual Studio Solution File, Format Version 12.00
# Visual Studio Version 16
VisualStudioVersion = 16.0.28922.388
MinimumVisualStudioVersion = 10.0.40219.1
Project("{FBCC7AE5-8D2C-4200-86BC-03E2DF7AB2F3}") = "myservice", "myservice\myservice.csproj", "{B9159E48-FEF0-46A5-82C9-8125DE0D0DFA}"
EndProject

Global
	GlobalSection(SolutionConfigurationPlatforms) = preSolution
		Debug|Any CPU = Debug|Any CPU
		Release|Any CPU = Release|Any CPU
	EndGlobalSection
	GlobalSection(ProjectConfigurationPlatforms) = postSolution
		{B9159E48-FEF0-46A5-82C9-8125DE0D0DFA}.Debug|Any CPU.ActiveCfg = Debug|Any CPU
		{B9159E48-FEF0-46A5-82C9-8125DE0D0DFA}.Debug|Any CPU.Build.0 = Debug|Any CPU
		{B9159E48-FEF0-46A5-82C9-8125DE0D0DFA}.Release|Any CPU.ActiveCfg = Release|Any CPU
		{B9159E48-FEF0-46A5-82C9-8125DE0D0DFA}.Release|Any CPU.Build.0 = Release|Any CPU
	EndGlobalSection
	GlobalSection(SolutionProperties) = preSolution
		HideSolutionNode = FALSE
	EndGlobalSection
	GlobalSection(ExtensibilityGlobals) = postSolution
		SolutionGuid = {D644E9F7-CE07-40DA-AF95-43C884A4C8CC}
	EndGlobalSection
EndGlobal
